# This file was autogenerated by Stack.
# You should not edit this file by hand.
# For more information, please see the documentation at:
#   https://docs.haskellstack.org/en/stable/lock_files

packages:
- completed:
    hackage: th-compat-0.1.4@sha256:6ca77c4e80b4e4109e30549c269631a9cc295c8fc2431ce4123972a5f80f7bfc,3135
    pantry-tree:
      sha256: 263eba2c771ba43657c15c4f0b1989d88b92ba6acdba6f854b0dcc97366739f1
      size: 530
  original:
    hackage: th-compat-0.1.4@sha256:6ca77c4e80b4e4109e30549c269631a9cc295c8fc2431ce4123972a5f80f7bfc,3135
snapshots:
- completed:
    sha256: fbb2a0519008533924c7753bd7164ddd1009f09504eb06674acad6049b46db09
    size: 532832
    url: https://raw.githubusercontent.com/commercialhaskell/stackage-snapshots/master/lts/16/23.yaml
  original:
    url: https://raw.githubusercontent.com/commercialhaskell/stackage-snapshots/master/lts/16/23.yaml
